PODS:
  - RFKit/Category/NSArray (1.7.1):
    - RFKit/Foundation
  - RFKit/Category/UIDevice (1.7.1):
    - RFKit/Foundation
    - RFKit/Runtime
  - RFKit/Category/UINavigationController (1.7.1):
    - RFKit/Category/NSArray
    - RFKit/Foundation
  - RFKit/Category/UIResponder (1.7.1):
    - RFKit/Foundation
  - RFKit/Category/UIView (1.7.1):
    - RFKit/Category/UIResponder
    - RFKit/Foundation
    - RFKit/RFGeometry
  - RFKit/Foundation (1.7.1)
  - RFKit/RFGeometry (1.7.1):
    - RFKit/Runtime
  - RFKit/Runtime (1.7.1):
    - RFKit/Foundation
  - RFSegue (4.0.0):
    - RFKit/Category/UIDevice
    - RFKit/Category/UINavigationController
    - RFKit/Category/UIResponder
    - RFKit/Category/UIView
    - RFKit/Runtime

DEPENDENCIES:
  - RFSegue (from `.`)

EXTERNAL SOURCES:
  RFSegue:
    :path: .

SPEC CHECKSUMS:
  RFKit: 3c5f2a181777dfeb57b0ea1a004a8ce02d7445ee
  RFSegue: bb077fc6038da6dddbf3729cf7d9e6577fb0afe6

PODFILE CHECKSUM: 8a012caa0957d19dc5c666a79767a72b9330643d

COCOAPODS: 1.4.0
