// !$*UTF8*$!
{
	archiveVersion = 1;
	classes = {
	};
	objectVersion = 51;
	objects = {

/* Begin PBXBuildFile section */
		153FFD7A8E465A12108DBCC7 /* libPods-Test-tvOS.a in Frameworks */ = {isa = PBXBuildFile; fileRef = B585ADB199C80B63EDFB59D8 /* libPods-Test-tvOS.a */; };
		6D36ED321953343F5A64A0FD /* libPods-Test-iOS.a in Frameworks */ = {isa = PBXBuildFile; fileRef = B3B0001D139EABAA9D910539 /* libPods-Test-iOS.a */; };
		AE3B999EA860DD25C644E445 /* libPods-Example-iOS.a in Frameworks */ = {isa = PBXBuildFile; fileRef = 80030D59AEE7AB7E263F299B /* libPods-Example-iOS.a */; };
		D509AB9B2064EC3800E4F7F7 /* AppDelegate.swift in Sources */ = {isa = PBXBuildFile; fileRef = D509AB9A2064EC3800E4F7F7 /* AppDelegate.swift */; };
		D509ABA22064EC3800E4F7F7 /* Assets.xcassets in Resources */ = {isa = PBXBuildFile; fileRef = D509ABA12064EC3800E4F7F7 /* Assets.xcassets */; };
		D509ABA52064EC3800E4F7F7 /* LaunchScreen.storyboard in Resources */ = {isa = PBXBuildFile; fileRef = D509ABA32064EC3800E4F7F7 /* LaunchScreen.storyboard */; };
		D509ABB92064FE5300E4F7F7 /* Main.storyboard in Resources */ = {isa = PBXBuildFile; fileRef = D509ABAF2064FE5300E4F7F7 /* Main.storyboard */; };
		D509ABBB2064FE5300E4F7F7 /* DMShouldReturn.m in Sources */ = {isa = PBXBuildFile; fileRef = D509ABB32064FE5300E4F7F7 /* DMShouldReturn.m */; };
		D51CEC4A2067D701006E2D3C /* DMAsyncSegue.m in Sources */ = {isa = PBXBuildFile; fileRef = D51CEC492067D701006E2D3C /* DMAsyncSegue.m */; };
		D5F9F4C9208EFE8000427201 /* Test_RFSegue.swift in Sources */ = {isa = PBXBuildFile; fileRef = D5F9F4C8208EFE8000427201 /* Test_RFSegue.swift */; };
		D5F9F4CA208EFE8000427201 /* Test_RFSegue.swift in Sources */ = {isa = PBXBuildFile; fileRef = D5F9F4C8208EFE8000427201 /* Test_RFSegue.swift */; };
		D5F9F4CD208EFF9B00427201 /* RTHelper.m in Sources */ = {isa = PBXBuildFile; fileRef = D5F9F4CB208EFF9B00427201 /* RTHelper.m */; };
		D5F9F4CE208EFF9B00427201 /* RTHelper.m in Sources */ = {isa = PBXBuildFile; fileRef = D5F9F4CB208EFF9B00427201 /* RTHelper.m */; };
/* End PBXBuildFile section */

/* Begin PBXContainerItemProxy section */
		D5F9F4B8208EF5ED00427201 /* PBXContainerItemProxy */ = {
			isa = PBXContainerItemProxy;
			containerPortal = D509AB8F2064EC3700E4F7F7 /* Project object */;
			proxyType = 1;
			remoteGlobalIDString = D509AB962064EC3700E4F7F7;
			remoteInfo = "Example-iOS";
		};
/* End PBXContainerItemProxy section */

/* Begin PBXFileReference section */
		4FD5258D41EF8F7AAB0D1992 /* Pods-Test-tvOS.release.xcconfig */ = {isa = PBXFileReference; includeInIndex = 1; lastKnownFileType = text.xcconfig; name = "Pods-Test-tvOS.release.xcconfig"; path = "Pods/Target Support Files/Pods-Test-tvOS/Pods-Test-tvOS.release.xcconfig"; sourceTree = "<group>"; };
		5EEEC45F0BF5C3B552B1E1CB /* Pods-Test-iOS.debug.xcconfig */ = {isa = PBXFileReference; includeInIndex = 1; lastKnownFileType = text.xcconfig; name = "Pods-Test-iOS.debug.xcconfig"; path = "Pods/Target Support Files/Pods-Test-iOS/Pods-Test-iOS.debug.xcconfig"; sourceTree = "<group>"; };
		6A8708E8BC3BA6FFB22746F4 /* Pods-Example-iOS.release.xcconfig */ = {isa = PBXFileReference; includeInIndex = 1; lastKnownFileType = text.xcconfig; name = "Pods-Example-iOS.release.xcconfig"; path = "Pods/Target Support Files/Pods-Example-iOS/Pods-Example-iOS.release.xcconfig"; sourceTree = "<group>"; };
		80030D59AEE7AB7E263F299B /* libPods-Example-iOS.a */ = {isa = PBXFileReference; explicitFileType = archive.ar; includeInIndex = 0; path = "libPods-Example-iOS.a"; sourceTree = BUILT_PRODUCTS_DIR; };
		95E3B3100299C7CD6847052A /* Pods-Example-iOS.debug.xcconfig */ = {isa = PBXFileReference; includeInIndex = 1; lastKnownFileType = text.xcconfig; name = "Pods-Example-iOS.debug.xcconfig"; path = "Pods/Target Support Files/Pods-Example-iOS/Pods-Example-iOS.debug.xcconfig"; sourceTree = "<group>"; };
		A4BC4C51607D001F0EC68315 /* Pods-Test-tvOS.debug.xcconfig */ = {isa = PBXFileReference; includeInIndex = 1; lastKnownFileType = text.xcconfig; name = "Pods-Test-tvOS.debug.xcconfig"; path = "Pods/Target Support Files/Pods-Test-tvOS/Pods-Test-tvOS.debug.xcconfig"; sourceTree = "<group>"; };
		B3B0001D139EABAA9D910539 /* libPods-Test-iOS.a */ = {isa = PBXFileReference; explicitFileType = archive.ar; includeInIndex = 0; path = "libPods-Test-iOS.a"; sourceTree = BUILT_PRODUCTS_DIR; };
		B585ADB199C80B63EDFB59D8 /* libPods-Test-tvOS.a */ = {isa = PBXFileReference; explicitFileType = archive.ar; includeInIndex = 0; path = "libPods-Test-tvOS.a"; sourceTree = BUILT_PRODUCTS_DIR; };
		D509AB972064EC3700E4F7F7 /* Example-iOS.app */ = {isa = PBXFileReference; explicitFileType = wrapper.application; includeInIndex = 0; path = "Example-iOS.app"; sourceTree = BUILT_PRODUCTS_DIR; };
		D509AB9A2064EC3800E4F7F7 /* AppDelegate.swift */ = {isa = PBXFileReference; lastKnownFileType = sourcecode.swift; path = AppDelegate.swift; sourceTree = "<group>"; };
		D509ABA12064EC3800E4F7F7 /* Assets.xcassets */ = {isa = PBXFileReference; lastKnownFileType = folder.assetcatalog; path = Assets.xcassets; sourceTree = "<group>"; };
		D509ABA42064EC3800E4F7F7 /* Base */ = {isa = PBXFileReference; lastKnownFileType = file.storyboard; name = Base; path = Base.lproj/LaunchScreen.storyboard; sourceTree = "<group>"; };
		D509ABA62064EC3800E4F7F7 /* Info.plist */ = {isa = PBXFileReference; lastKnownFileType = text.plist.xml; path = Info.plist; sourceTree = "<group>"; };
		D509ABAD2064FE5200E4F7F7 /* OC-Bridging-Header.h */ = {isa = PBXFileReference; lastKnownFileType = sourcecode.c.h; path = "OC-Bridging-Header.h"; sourceTree = "<group>"; };
		D509ABAF2064FE5300E4F7F7 /* Main.storyboard */ = {isa = PBXFileReference; fileEncoding = 4; lastKnownFileType = file.storyboard; path = Main.storyboard; sourceTree = "<group>"; };
		D509ABB32064FE5300E4F7F7 /* DMShouldReturn.m */ = {isa = PBXFileReference; fileEncoding = 4; lastKnownFileType = sourcecode.c.objc; path = DMShouldReturn.m; sourceTree = "<group>"; };
		D51CEC492067D701006E2D3C /* DMAsyncSegue.m */ = {isa = PBXFileReference; fileEncoding = 4; lastKnownFileType = sourcecode.c.objc; path = DMAsyncSegue.m; sourceTree = "<group>"; };
		D5C6E599206671E9003B1E13 /* Test-iOS.xctest */ = {isa = PBXFileReference; explicitFileType = wrapper.cfbundle; includeInIndex = 0; path = "Test-iOS.xctest"; sourceTree = BUILT_PRODUCTS_DIR; };
		D5C6E5A5206671FE003B1E13 /* Test-tvOS.xctest */ = {isa = PBXFileReference; explicitFileType = wrapper.cfbundle; includeInIndex = 0; path = "Test-tvOS.xctest"; sourceTree = BUILT_PRODUCTS_DIR; };
		D5F9F4BE208EFDE900427201 /* OC-Bridging-Header.h */ = {isa = PBXFileReference; lastKnownFileType = sourcecode.c.h; path = "OC-Bridging-Header.h"; sourceTree = "<group>"; };
		D5F9F4BF208EFDE900427201 /* Info.plist */ = {isa = PBXFileReference; lastKnownFileType = text.plist.xml; path = Info.plist; sourceTree = "<group>"; };
		D5F9F4C3208EFDE900427201 /* OC-Bridging-Header.h */ = {isa = PBXFileReference; lastKnownFileType = sourcecode.c.h; path = "OC-Bridging-Header.h"; sourceTree = "<group>"; };
		D5F9F4C4208EFDE900427201 /* Info.plist */ = {isa = PBXFileReference; lastKnownFileType = text.plist.xml; path = Info.plist; sourceTree = "<group>"; };
		D5F9F4C8208EFE8000427201 /* Test_RFSegue.swift */ = {isa = PBXFileReference; lastKnownFileType = sourcecode.swift; path = Test_RFSegue.swift; sourceTree = "<group>"; };
		D5F9F4CB208EFF9B00427201 /* RTHelper.m */ = {isa = PBXFileReference; fileEncoding = 4; lastKnownFileType = sourcecode.c.objc; path = RTHelper.m; sourceTree = "<group>"; };
		D5F9F4CC208EFF9B00427201 /* RTHelper.h */ = {isa = PBXFileReference; fileEncoding = 4; lastKnownFileType = sourcecode.c.h; path = RTHelper.h; sourceTree = "<group>"; };
		DA2B6E8DF377189E0089D391 /* libPods-RFSegueExample.a */ = {isa = PBXFileReference; explicitFileType = archive.ar; includeInIndex = 0; path = "libPods-RFSegueExample.a"; sourceTree = BUILT_PRODUCTS_DIR; };
		FDD3824F42CB6FBADBA3FE16 /* Pods-Test-iOS.release.xcconfig */ = {isa = PBXFileReference; includeInIndex = 1; lastKnownFileType = text.xcconfig; name = "Pods-Test-iOS.release.xcconfig"; path = "Pods/Target Support Files/Pods-Test-iOS/Pods-Test-iOS.release.xcconfig"; sourceTree = "<group>"; };
/* End PBXFileReference section */

/* Begin PBXFrameworksBuildPhase section */
		D509AB942064EC3700E4F7F7 /* Frameworks */ = {
			isa = PBXFrameworksBuildPhase;
			buildActionMask = 2147483647;
			files = (
				AE3B999EA860DD25C644E445 /* libPods-Example-iOS.a in Frameworks */,
			);
			runOnlyForDeploymentPostprocessing = 0;
		};
		D5C6E596206671E9003B1E13 /* Frameworks */ = {
			isa = PBXFrameworksBuildPhase;
			buildActionMask = 2147483647;
			files = (
				6D36ED321953343F5A64A0FD /* libPods-Test-iOS.a in Frameworks */,
			);
			runOnlyForDeploymentPostprocessing = 0;
		};
		D5C6E5A2206671FD003B1E13 /* Frameworks */ = {
			isa = PBXFrameworksBuildPhase;
			buildActionMask = 2147483647;
			files = (
				153FFD7A8E465A12108DBCC7 /* libPods-Test-tvOS.a in Frameworks */,
			);
			runOnlyForDeploymentPostprocessing = 0;
		};
/* End PBXFrameworksBuildPhase section */

/* Begin PBXGroup section */
		552446DF5800FC1B40C9253B /* Frameworks */ = {
			isa = PBXGroup;
			children = (
				80030D59AEE7AB7E263F299B /* libPods-Example-iOS.a */,
				DA2B6E8DF377189E0089D391 /* libPods-RFSegueExample.a */,
				B3B0001D139EABAA9D910539 /* libPods-Test-iOS.a */,
				B585ADB199C80B63EDFB59D8 /* libPods-Test-tvOS.a */,
			);
			name = Frameworks;
			sourceTree = "<group>";
		};
		7A9FD2C64D5BB3D9A64852BF /* Pods */ = {
			isa = PBXGroup;
			children = (
				95E3B3100299C7CD6847052A /* Pods-Example-iOS.debug.xcconfig */,
				6A8708E8BC3BA6FFB22746F4 /* Pods-Example-iOS.release.xcconfig */,
				5EEEC45F0BF5C3B552B1E1CB /* Pods-Test-iOS.debug.xcconfig */,
				FDD3824F42CB6FBADBA3FE16 /* Pods-Test-iOS.release.xcconfig */,
				A4BC4C51607D001F0EC68315 /* Pods-Test-tvOS.debug.xcconfig */,
				4FD5258D41EF8F7AAB0D1992 /* Pods-Test-tvOS.release.xcconfig */,
			);
			name = Pods;
			sourceTree = "<group>";
		};
		D509AB8E2064EC3700E4F7F7 = {
			isa = PBXGroup;
			children = (
				D509AB992064EC3700E4F7F7 /* Example */,
				552446DF5800FC1B40C9253B /* Frameworks */,
				7A9FD2C64D5BB3D9A64852BF /* Pods */,
				D509AB982064EC3700E4F7F7 /* Products */,
				D5F9F4BC208EFDE900427201 /* Test */,
			);
			sourceTree = "<group>";
		};
		D509AB982064EC3700E4F7F7 /* Products */ = {
			isa = PBXGroup;
			children = (
				D509AB972064EC3700E4F7F7 /* Example-iOS.app */,
				D5C6E599206671E9003B1E13 /* Test-iOS.xctest */,
				D5C6E5A5206671FE003B1E13 /* Test-tvOS.xctest */,
			);
			name = Products;
			sourceTree = "<group>";
		};
		D509AB992064EC3700E4F7F7 /* Example */ = {
			isa = PBXGroup;
			children = (
				D509AB9A2064EC3800E4F7F7 /* AppDelegate.swift */,
				D509ABA12064EC3800E4F7F7 /* Assets.xcassets */,
				D51CEC492067D701006E2D3C /* DMAsyncSegue.m */,
				D509ABB32064FE5300E4F7F7 /* DMShouldReturn.m */,
				D509ABA62064EC3800E4F7F7 /* Info.plist */,
				D509ABA32064EC3800E4F7F7 /* LaunchScreen.storyboard */,
				D509ABAF2064FE5300E4F7F7 /* Main.storyboard */,
				D509ABAD2064FE5200E4F7F7 /* OC-Bridging-Header.h */,
			);
			path = Example;
			sourceTree = "<group>";
		};
		D5F9F4BC208EFDE900427201 /* Test */ = {
			isa = PBXGroup;
			children = (
				D5F9F4BD208EFDE900427201 /* iOS */,
				D5F9F4C7208EFE6800427201 /* Shared */,
				D5F9F4C1208EFDE900427201 /* tvOS */,
			);
			path = Test;
			sourceTree = "<group>";
		};
		D5F9F4BD208EFDE900427201 /* iOS */ = {
			isa = PBXGroup;
			children = (
				D5F9F4BF208EFDE900427201 /* Info.plist */,
				D5F9F4BE208EFDE900427201 /* OC-Bridging-Header.h */,
			);
			path = iOS;
			sourceTree = "<group>";
		};
		D5F9F4C1208EFDE900427201 /* tvOS */ = {
			isa = PBXGroup;
			children = (
				D5F9F4C4208EFDE900427201 /* Info.plist */,
				D5F9F4C3208EFDE900427201 /* OC-Bridging-Header.h */,
			);
			path = tvOS;
			sourceTree = "<group>";
		};
		D5F9F4C7208EFE6800427201 /* Shared */ = {
			isa = PBXGroup;
			children = (
				D5F9F4CC208EFF9B00427201 /* RTHelper.h */,
				D5F9F4CB208EFF9B00427201 /* RTHelper.m */,
				D5F9F4C8208EFE8000427201 /* Test_RFSegue.swift */,
			);
			path = Shared;
			sourceTree = "<group>";
		};
/* End PBXGroup section */

/* Begin PBXNativeTarget section */
		D509AB962064EC3700E4F7F7 /* Example-iOS */ = {
			isa = PBXNativeTarget;
			buildConfigurationList = D509ABA92064EC3800E4F7F7 /* Build configuration list for PBXNativeTarget "Example-iOS" */;
			buildPhases = (
				6CCDB952D6B749FA6687EFFB /* [CP] Check Pods Manifest.lock */,
				D509AB932064EC3700E4F7F7 /* Sources */,
				D509AB942064EC3700E4F7F7 /* Frameworks */,
				D509AB952064EC3700E4F7F7 /* Resources */,
			);
			buildRules = (
			);
			dependencies = (
			);
			name = "Example-iOS";
			productName = RFSegue;
			productReference = D509AB972064EC3700E4F7F7 /* Example-iOS.app */;
			productType = "com.apple.product-type.application";
		};
		D5C6E598206671E9003B1E13 /* Test-iOS */ = {
			isa = PBXNativeTarget;
			buildConfigurationList = D5C6E59E206671EA003B1E13 /* Build configuration list for PBXNativeTarget "Test-iOS" */;
			buildPhases = (
				54C53787830A0AA852C613DC /* [CP] Check Pods Manifest.lock */,
				D5C6E595206671E9003B1E13 /* Sources */,
				D5C6E596206671E9003B1E13 /* Frameworks */,
				D5C6E597206671E9003B1E13 /* Resources */,
			);
			buildRules = (
			);
			dependencies = (
				D5F9F4B9208EF5ED00427201 /* PBXTargetDependency */,
			);
			name = "Test-iOS";
			productName = "Test-iOS";
			productReference = D5C6E599206671E9003B1E13 /* Test-iOS.xctest */;
			productType = "com.apple.product-type.bundle.unit-test";
		};
		D5C6E5A4206671FD003B1E13 /* Test-tvOS */ = {
			isa = PBXNativeTarget;
			buildConfigurationList = D5C6E5AA206671FE003B1E13 /* Build configuration list for PBXNativeTarget "Test-tvOS" */;
			buildPhases = (
				19E231FECB3FAAD020317A93 /* [CP] Check Pods Manifest.lock */,
				D5C6E5A1206671FD003B1E13 /* Sources */,
				D5C6E5A2206671FD003B1E13 /* Frameworks */,
				D5C6E5A3206671FD003B1E13 /* Resources */,
			);
			buildRules = (
			);
			dependencies = (
			);
			name = "Test-tvOS";
			productName = "Test-tvOS";
			productReference = D5C6E5A5206671FE003B1E13 /* Test-tvOS.xctest */;
			productType = "com.apple.product-type.bundle.unit-test";
		};
/* End PBXNativeTarget section */

/* Begin PBXProject section */
		D509AB8F2064EC3700E4F7F7 /* Project object */ = {
			isa = PBXProject;
			attributes = {
				CLASSPREFIX = DM;
				LastSwiftUpdateCheck = 0920;
				LastUpgradeCheck = 1200;
				ORGANIZATIONNAME = RFUI;
				TargetAttributes = {
					D509AB962064EC3700E4F7F7 = {
						CreatedOnToolsVersion = 9.2;
						LastSwiftMigration = 0920;
						ProvisioningStyle = Automatic;
					};
					D5C6E598206671E9003B1E13 = {
						CreatedOnToolsVersion = 9.2;
						ProvisioningStyle = Automatic;
						TestTargetID = D509AB962064EC3700E4F7F7;
					};
					D5C6E5A4206671FD003B1E13 = {
						CreatedOnToolsVersion = 9.2;
						ProvisioningStyle = Automatic;
					};
				};
			};
			buildConfigurationList = D509AB922064EC3700E4F7F7 /* Build configuration list for PBXProject "RFSegue" */;
			compatibilityVersion = "Xcode 10.0";
			developmentRegion = en;
			hasScannedForEncodings = 0;
			knownRegions = (
				en,
				Base,
			);
			mainGroup = D509AB8E2064EC3700E4F7F7;
			productRefGroup = D509AB982064EC3700E4F7F7 /* Products */;
			projectDirPath = "";
			projectRoot = "";
			targets = (
				D509AB962064EC3700E4F7F7 /* Example-iOS */,
				D5C6E598206671E9003B1E13 /* Test-iOS */,
				D5C6E5A4206671FD003B1E13 /* Test-tvOS */,
			);
		};
/* End PBXProject section */

/* Begin PBXResourcesBuildPhase section */
		D509AB952064EC3700E4F7F7 /* Resources */ = {
			isa = PBXResourcesBuildPhase;
			buildActionMask = 2147483647;
			files = (
				D509ABA22064EC3800E4F7F7 /* Assets.xcassets in Resources */,
				D509ABA52064EC3800E4F7F7 /* LaunchScreen.storyboard in Resources */,
				D509ABB92064FE5300E4F7F7 /* Main.storyboard in Resources */,
			);
			runOnlyForDeploymentPostprocessing = 0;
		};
		D5C6E597206671E9003B1E13 /* Resources */ = {
			isa = PBXResourcesBuildPhase;
			buildActionMask = 2147483647;
			files = (
			);
			runOnlyForDeploymentPostprocessing = 0;
		};
		D5C6E5A3206671FD003B1E13 /* Resources */ = {
			isa = PBXResourcesBuildPhase;
			buildActionMask = 2147483647;
			files = (
			);
			runOnlyForDeploymentPostprocessing = 0;
		};
/* End PBXResourcesBuildPhase section */

/* Begin PBXShellScriptBuildPhase section */
		19E231FECB3FAAD020317A93 /* [CP] Check Pods Manifest.lock */ = {
			isa = PBXShellScriptBuildPhase;
			buildActionMask = 2147483647;
			files = (
			);
			inputPaths = (
				"${PODS_PODFILE_DIR_PATH}/Podfile.lock",
				"${PODS_ROOT}/Manifest.lock",
			);
			name = "[CP] Check Pods Manifest.lock";
			outputPaths = (
				"$(DERIVED_FILE_DIR)/Pods-Test-tvOS-checkManifestLockResult.txt",
			);
			runOnlyForDeploymentPostprocessing = 0;
			shellPath = /bin/sh;
			shellScript = "diff \"${PODS_PODFILE_DIR_PATH}/Podfile.lock\" \"${PODS_ROOT}/Manifest.lock\" > /dev/null\nif [ $? != 0 ] ; then\n    # print error to STDERR\n    echo \"error: The sandbox is not in sync with the Podfile.lock. Run 'pod install' or update your CocoaPods installation.\" >&2\n    exit 1\nfi\n# This output is used by Xcode 'outputs' to avoid re-running this script phase.\necho \"SUCCESS\" > \"${SCRIPT_OUTPUT_FILE_0}\"\n";
			showEnvVarsInLog = 0;
		};
		54C53787830A0AA852C613DC /* [CP] Check Pods Manifest.lock */ = {
			isa = PBXShellScriptBuildPhase;
			buildActionMask = 2147483647;
			files = (
			);
			inputPaths = (
				"${PODS_PODFILE_DIR_PATH}/Podfile.lock",
				"${PODS_ROOT}/Manifest.lock",
			);
			name = "[CP] Check Pods Manifest.lock";
			outputPaths = (
				"$(DERIVED_FILE_DIR)/Pods-Test-iOS-checkManifestLockResult.txt",
			);
			runOnlyForDeploymentPostprocessing = 0;
			shellPath = /bin/sh;
			shellScript = "diff \"${PODS_PODFILE_DIR_PATH}/Podfile.lock\" \"${PODS_ROOT}/Manifest.lock\" > /dev/null\nif [ $? != 0 ] ; then\n    # print error to STDERR\n    echo \"error: The sandbox is not in sync with the Podfile.lock. Run 'pod install' or update your CocoaPods installation.\" >&2\n    exit 1\nfi\n# This output is used by Xcode 'outputs' to avoid re-running this script phase.\necho \"SUCCESS\" > \"${SCRIPT_OUTPUT_FILE_0}\"\n";
			showEnvVarsInLog = 0;
		};
		6CCDB952D6B749FA6687EFFB /* [CP] Check Pods Manifest.lock */ = {
			isa = PBXShellScriptBuildPhase;
			buildActionMask = 2147483647;
			files = (
			);
			inputPaths = (
				"${PODS_PODFILE_DIR_PATH}/Podfile.lock",
				"${PODS_ROOT}/Manifest.lock",
			);
			name = "[CP] Check Pods Manifest.lock";
			outputPaths = (
				"$(DERIVED_FILE_DIR)/Pods-Example-iOS-checkManifestLockResult.txt",
			);
			runOnlyForDeploymentPostprocessing = 0;
			shellPath = /bin/sh;
			shellScript = "diff \"${PODS_PODFILE_DIR_PATH}/Podfile.lock\" \"${PODS_ROOT}/Manifest.lock\" > /dev/null\nif [ $? != 0 ] ; then\n    # print error to STDERR\n    echo \"error: The sandbox is not in sync with the Podfile.lock. Run 'pod install' or update your CocoaPods installation.\" >&2\n    exit 1\nfi\n# This output is used by Xcode 'outputs' to avoid re-running this script phase.\necho \"SUCCESS\" > \"${SCRIPT_OUTPUT_FILE_0}\"\n";
			showEnvVarsInLog = 0;
		};
/* End PBXShellScriptBuildPhase section */

/* Begin PBXSourcesBuildPhase section */
		D509AB932064EC3700E4F7F7 /* Sources */ = {
			isa = PBXSourcesBuildPhase;
			buildActionMask = 2147483647;
			files = (
				D509AB9B2064EC3800E4F7F7 /* AppDelegate.swift in Sources */,
				D51CEC4A2067D701006E2D3C /* DMAsyncSegue.m in Sources */,
				D509ABBB2064FE5300E4F7F7 /* DMShouldReturn.m in Sources */,
			);
			runOnlyForDeploymentPostprocessing = 0;
		};
		D5C6E595206671E9003B1E13 /* Sources */ = {
			isa = PBXSourcesBuildPhase;
			buildActionMask = 2147483647;
			files = (
				D5F9F4CD208EFF9B00427201 /* RTHelper.m in Sources */,
				D5F9F4C9208EFE8000427201 /* Test_RFSegue.swift in Sources */,
			);
			runOnlyForDeploymentPostprocessing = 0;
		};
		D5C6E5A1206671FD003B1E13 /* Sources */ = {
			isa = PBXSourcesBuildPhase;
			buildActionMask = 2147483647;
			files = (
				D5F9F4CE208EFF9B00427201 /* RTHelper.m in Sources */,
				D5F9F4CA208EFE8000427201 /* Test_RFSegue.swift in Sources */,
			);
			runOnlyForDeploymentPostprocessing = 0;
		};
/* End PBXSourcesBuildPhase section */

/* Begin PBXTargetDependency section */
		D5F9F4B9208EF5ED00427201 /* PBXTargetDependency */ = {
			isa = PBXTargetDependency;
			target = D509AB962064EC3700E4F7F7 /* Example-iOS */;
			targetProxy = D5F9F4B8208EF5ED00427201 /* PBXContainerItemProxy */;
		};
/* End PBXTargetDependency section */

/* Begin PBXVariantGroup section */
		D509ABA32064EC3800E4F7F7 /* LaunchScreen.storyboard */ = {
			isa = PBXVariantGroup;
			children = (
				D509ABA42064EC3800E4F7F7 /* Base */,
			);
			name = LaunchScreen.storyboard;
			sourceTree = "<group>";
		};
/* End PBXVariantGroup section */

/* Begin XCBuildConfiguration section */
		D509ABA72064EC3800E4F7F7 /* Debug */ = {
			isa = XCBuildConfiguration;
			buildSettings = {
				ALWAYS_SEARCH_USER_PATHS = NO;
				CLANG_ANALYZER_NONNULL = YES;
				CLANG_ANALYZER_NUMBER_OBJECT_CONVERSION = YES_AGGRESSIVE;
				CLANG_ENABLE_MODULES = YES;
				CLANG_ENABLE_OBJC_ARC = YES;
				CLANG_WARN_BLOCK_CAPTURE_AUTORELEASING = YES;
				CLANG_WARN_BOOL_CONVERSION = YES;
				CLANG_WARN_COMMA = YES;
				CLANG_WARN_CONSTANT_CONVERSION = YES;
				CLANG_WARN_DEPRECATED_OBJC_IMPLEMENTATIONS = YES;
				CLANG_WARN_DIRECT_OBJC_ISA_USAGE = YES_ERROR;
				CLANG_WARN_DOCUMENTATION_COMMENTS = YES;
				CLANG_WARN_EMPTY_BODY = YES;
				CLANG_WARN_ENUM_CONVERSION = YES;
				CLANG_WARN_INFINITE_RECURSION = YES;
				CLANG_WARN_INT_CONVERSION = YES;
				CLANG_WARN_NON_LITERAL_NULL_CONVERSION = YES;
				CLANG_WARN_OBJC_IMPLICIT_RETAIN_SELF = YES;
				CLANG_WARN_OBJC_LITERAL_CONVERSION = YES;
				CLANG_WARN_OBJC_ROOT_CLASS = YES_ERROR;
				CLANG_WARN_QUOTED_INCLUDE_IN_FRAMEWORK_HEADER = YES;
				CLANG_WARN_RANGE_LOOP_ANALYSIS = YES;
				CLANG_WARN_STRICT_PROTOTYPES = YES;
				CLANG_WARN_SUSPICIOUS_MOVE = YES;
				CLANG_WARN_UNGUARDED_AVAILABILITY = YES_AGGRESSIVE;
				CLANG_WARN_UNREACHABLE_CODE = YES;
				CLANG_WARN__DUPLICATE_METHOD_MATCH = YES;
				COPY_PHASE_STRIP = NO;
				DEBUG_INFORMATION_FORMAT = dwarf;
				ENABLE_STRICT_OBJC_MSGSEND = YES;
				ENABLE_TESTABILITY = YES;
				GCC_NO_COMMON_BLOCKS = YES;
				GCC_OPTIMIZATION_LEVEL = 0;
				GCC_PREPROCESSOR_DEFINITIONS = (
					"DEBUG=1",
					"$(inherited)",
				);
				GCC_WARN_64_TO_32_BIT_CONVERSION = YES;
				GCC_WARN_ABOUT_RETURN_TYPE = YES_ERROR;
				GCC_WARN_UNDECLARED_SELECTOR = YES;
				GCC_WARN_UNINITIALIZED_AUTOS = YES_AGGRESSIVE;
				GCC_WARN_UNUSED_FUNCTION = YES;
				GCC_WARN_UNUSED_VARIABLE = YES;
				IPHONEOS_DEPLOYMENT_TARGET = 9.0;
				ONLY_ACTIVE_ARCH = YES;
				SDKROOT = iphoneos;
				SWIFT_ACTIVE_COMPILATION_CONDITIONS = DEBUG;
				SWIFT_OPTIMIZATION_LEVEL = "-Onone";
				SWIFT_VERSION = 4.2;
				TVOS_DEPLOYMENT_TARGET = 9.0;
				WARNING_CFLAGS = (
					"-Weverything",
					"-Wno-auto-import",
					"-Wno-objc-missing-property-synthesis",
				);
			};
			name = Debug;
		};
		D509ABA82064EC3800E4F7F7 /* Release */ = {
			isa = XCBuildConfiguration;
			buildSettings = {
				ALWAYS_SEARCH_USER_PATHS = NO;
				CLANG_ANALYZER_NONNULL = YES;
				CLANG_ANALYZER_NUMBER_OBJECT_CONVERSION = YES_AGGRESSIVE;
				CLANG_ENABLE_MODULES = YES;
				CLANG_ENABLE_OBJC_ARC = YES;
				CLANG_WARN_BLOCK_CAPTURE_AUTORELEASING = YES;
				CLANG_WARN_BOOL_CONVERSION = YES;
				CLANG_WARN_COMMA = YES;
				CLANG_WARN_CONSTANT_CONVERSION = YES;
				CLANG_WARN_DEPRECATED_OBJC_IMPLEMENTATIONS = YES;
				CLANG_WARN_DIRECT_OBJC_ISA_USAGE = YES_ERROR;
				CLANG_WARN_DOCUMENTATION_COMMENTS = YES;
				CLANG_WARN_EMPTY_BODY = YES;
				CLANG_WARN_ENUM_CONVERSION = YES;
				CLANG_WARN_INFINITE_RECURSION = YES;
				CLANG_WARN_INT_CONVERSION = YES;
				CLANG_WARN_NON_LITERAL_NULL_CONVERSION = YES;
				CLANG_WARN_OBJC_IMPLICIT_RETAIN_SELF = YES;
				CLANG_WARN_OBJC_LITERAL_CONVERSION = YES;
				CLANG_WARN_OBJC_ROOT_CLASS = YES_ERROR;
				CLANG_WARN_QUOTED_INCLUDE_IN_FRAMEWORK_HEADER = YES;
				CLANG_WARN_RANGE_LOOP_ANALYSIS = YES;
				CLANG_WARN_STRICT_PROTOTYPES = YES;
				CLANG_WARN_SUSPICIOUS_MOVE = YES;
				CLANG_WARN_UNGUARDED_AVAILABILITY = YES_AGGRESSIVE;
				CLANG_WARN_UNREACHABLE_CODE = YES;
				CLANG_WARN__DUPLICATE_METHOD_MATCH = YES;
				COPY_PHASE_STRIP = NO;
				DEBUG_INFORMATION_FORMAT = "dwarf-with-dsym";
				ENABLE_STRICT_OBJC_MSGSEND = YES;
				GCC_NO_COMMON_BLOCKS = YES;
				GCC_WARN_64_TO_32_BIT_CONVERSION = YES;
				GCC_WARN_ABOUT_RETURN_TYPE = YES_ERROR;
				GCC_WARN_UNDECLARED_SELECTOR = YES;
				GCC_WARN_UNINITIALIZED_AUTOS = YES_AGGRESSIVE;
				GCC_WARN_UNUSED_FUNCTION = YES;
				GCC_WARN_UNUSED_VARIABLE = YES;
				IPHONEOS_DEPLOYMENT_TARGET = 9.0;
				SDKROOT = iphoneos;
				SWIFT_COMPILATION_MODE = wholemodule;
				SWIFT_OPTIMIZATION_LEVEL = "-O";
				SWIFT_VERSION = 4.2;
				TVOS_DEPLOYMENT_TARGET = 9.0;
				VALIDATE_PRODUCT = YES;
				WARNING_CFLAGS = (
					"-Weverything",
					"-Wno-auto-import",
					"-Wno-objc-missing-property-synthesis",
				);
			};
			name = Release;
		};
		D509ABAA2064EC3800E4F7F7 /* Debug */ = {
			isa = XCBuildConfiguration;
			baseConfigurationReference = 95E3B3100299C7CD6847052A /* Pods-Example-iOS.debug.xcconfig */;
			buildSettings = {
				ASSETCATALOG_COMPILER_APPICON_NAME = AppIcon;
				CODE_SIGN_STYLE = Automatic;
				INFOPLIST_FILE = "$(SRCROOT)/Example/Info.plist";
				LD_RUNPATH_SEARCH_PATHS = (
					"$(inherited)",
					"@executable_path/Frameworks",
				);
				PRODUCT_BUNDLE_IDENTIFIER = com.github.RFUI.RFSegue;
				PRODUCT_NAME = "$(TARGET_NAME)";
				SWIFT_OBJC_BRIDGING_HEADER = "Example/OC-Bridging-Header.h";
				SWIFT_OPTIMIZATION_LEVEL = "-Onone";
				TARGETED_DEVICE_FAMILY = "1,2";
			};
			name = Debug;
		};
		D509ABAB2064EC3800E4F7F7 /* Release */ = {
			isa = XCBuildConfiguration;
			baseConfigurationReference = 6A8708E8BC3BA6FFB22746F4 /* Pods-Example-iOS.release.xcconfig */;
			buildSettings = {
				ASSETCATALOG_COMPILER_APPICON_NAME = AppIcon;
				CODE_SIGN_STYLE = Automatic;
				INFOPLIST_FILE = "$(SRCROOT)/Example/Info.plist";
				LD_RUNPATH_SEARCH_PATHS = (
					"$(inherited)",
					"@executable_path/Frameworks",
				);
				PRODUCT_BUNDLE_IDENTIFIER = com.github.RFUI.RFSegue;
				PRODUCT_NAME = "$(TARGET_NAME)";
				SWIFT_OBJC_BRIDGING_HEADER = "Example/OC-Bridging-Header.h";
				TARGETED_DEVICE_FAMILY = "1,2";
			};
			name = Release;
		};
		D5C6E59F206671EA003B1E13 /* Debug */ = {
			isa = XCBuildConfiguration;
			baseConfigurationReference = 5EEEC45F0BF5C3B552B1E1CB /* Pods-Test-iOS.debug.xcconfig */;
			buildSettings = {
				BUNDLE_LOADER = "$(TEST_HOST)";
				CODE_SIGN_STYLE = Automatic;
				INFOPLIST_FILE = Test/iOS/Info.plist;
				LD_RUNPATH_SEARCH_PATHS = (
					"$(inherited)",
					"@executable_path/Frameworks",
					"@loader_path/Frameworks",
				);
				PRODUCT_BUNDLE_IDENTIFIER = "com.github.RFUI.RFSegue.Test-iOS";
				PRODUCT_NAME = "$(TARGET_NAME)";
				SWIFT_OBJC_BRIDGING_HEADER = "Test/iOS/OC-Bridging-Header.h";
				TARGETED_DEVICE_FAMILY = "1,2";
				TEST_HOST = "$(BUILT_PRODUCTS_DIR)/Example-iOS.app/Example-iOS";
			};
			name = Debug;
		};
		D5C6E5A0206671EA003B1E13 /* Release */ = {
			isa = XCBuildConfiguration;
			baseConfigurationReference = FDD3824F42CB6FBADBA3FE16 /* Pods-Test-iOS.release.xcconfig */;
			buildSettings = {
				BUNDLE_LOADER = "$(TEST_HOST)";
				CODE_SIGN_STYLE = Automatic;
				INFOPLIST_FILE = Test/iOS/Info.plist;
				LD_RUNPATH_SEARCH_PATHS = (
					"$(inherited)",
					"@executable_path/Frameworks",
					"@loader_path/Frameworks",
				);
				PRODUCT_BUNDLE_IDENTIFIER = "com.github.RFUI.RFSegue.Test-iOS";
				PRODUCT_NAME = "$(TARGET_NAME)";
				SWIFT_OBJC_BRIDGING_HEADER = "Test/iOS/OC-Bridging-Header.h";
				TARGETED_DEVICE_FAMILY = "1,2";
				TEST_HOST = "$(BUILT_PRODUCTS_DIR)/Example-iOS.app/Example-iOS";
			};
			name = Release;
		};
		D5C6E5AB206671FE003B1E13 /* Debug */ = {
			isa = XCBuildConfiguration;
			baseConfigurationReference = A4BC4C51607D001F0EC68315 /* Pods-Test-tvOS.debug.xcconfig */;
			buildSettings = {
				CODE_SIGN_STYLE = Automatic;
				INFOPLIST_FILE = Test/tvOS/Info.plist;
				LD_RUNPATH_SEARCH_PATHS = (
					"$(inherited)",
					"@executable_path/Frameworks",
					"@loader_path/Frameworks",
				);
				PRODUCT_BUNDLE_IDENTIFIER = "com.github.RFUI.RFSegue.Test-tvOS";
				PRODUCT_NAME = "$(TARGET_NAME)";
				SDKROOT = appletvos;
				SWIFT_OBJC_BRIDGING_HEADER = "Test/tvOS/OC-Bridging-Header.h";
				TARGETED_DEVICE_FAMILY = 3;
				TVOS_DEPLOYMENT_TARGET = 9.0;
			};
			name = Debug;
		};
		D5C6E5AC206671FE003B1E13 /* Release */ = {
			isa = XCBuildConfiguration;
			baseConfigurationReference = 4FD5258D41EF8F7AAB0D1992 /* Pods-Test-tvOS.release.xcconfig */;
			buildSettings = {
				CODE_SIGN_STYLE = Automatic;
				INFOPLIST_FILE = Test/tvOS/Info.plist;
				LD_RUNPATH_SEARCH_PATHS = (
					"$(inherited)",
					"@executable_path/Frameworks",
					"@loader_path/Frameworks",
				);
				PRODUCT_BUNDLE_IDENTIFIER = "com.github.RFUI.RFSegue.Test-tvOS";
				PRODUCT_NAME = "$(TARGET_NAME)";
				SDKROOT = appletvos;
				SWIFT_OBJC_BRIDGING_HEADER = "Test/tvOS/OC-Bridging-Header.h";
				TARGETED_DEVICE_FAMILY = 3;
				TVOS_DEPLOYMENT_TARGET = 9.0;
			};
			name = Release;
		};
/* End XCBuildConfiguration section */

/* Begin XCConfigurationList section */
		D509AB922064EC3700E4F7F7 /* Build configuration list for PBXProject "RFSegue" */ = {
			isa = XCConfigurationList;
			buildConfigurations = (
				D509ABA72064EC3800E4F7F7 /* Debug */,
				D509ABA82064EC3800E4F7F7 /* Release */,
			);
			defaultConfigurationIsVisible = 0;
			defaultConfigurationName = Release;
		};
		D509ABA92064EC3800E4F7F7 /* Build configuration list for PBXNativeTarget "Example-iOS" */ = {
			isa = XCConfigurationList;
			buildConfigurations = (
				D509ABAA2064EC3800E4F7F7 /* Debug */,
				D509ABAB2064EC3800E4F7F7 /* Release */,
			);
			defaultConfigurationIsVisible = 0;
			defaultConfigurationName = Release;
		};
		D5C6E59E206671EA003B1E13 /* Build configuration list for PBXNativeTarget "Test-iOS" */ = {
			isa = XCConfigurationList;
			buildConfigurations = (
				D5C6E59F206671EA003B1E13 /* Debug */,
				D5C6E5A0206671EA003B1E13 /* Release */,
			);
			defaultConfigurationIsVisible = 0;
			defaultConfigurationName = Release;
		};
		D5C6E5AA206671FE003B1E13 /* Build configuration list for PBXNativeTarget "Test-tvOS" */ = {
			isa = XCConfigurationList;
			buildConfigurations = (
				D5C6E5AB206671FE003B1E13 /* Debug */,
				D5C6E5AC206671FE003B1E13 /* Release */,
			);
			defaultConfigurationIsVisible = 0;
			defaultConfigurationName = Release;
		};
/* End XCConfigurationList section */
	};
	rootObject = D509AB8F2064EC3700E4F7F7 /* Project object */;
}
